// !$*UTF8*$!
{
	archiveVersion = 1;
	classes = {
	};
	objectVersion = 46;
	objects = {

/* Begin PBXBuildFile section */
		ACD9958C1F8F3F59002EF8D7 /* AppDelegate.swift in Sources */ = {isa = PBXBuildFile; fileRef = ACD9958B1F8F3F59002EF8D7 /* AppDelegate.swift */; };
		ACD9958E1F8F3F59002EF8D7 /* ViewController.swift in Sources */ = {isa = PBXBuildFile; fileRef = ACD9958D1F8F3F59002EF8D7 /* ViewController.swift */; };
		ACD995911F8F3F59002EF8D7 /* Main.storyboard in Resources */ = {isa = PBXBuildFile; fileRef = ACD9958F1F8F3F59002EF8D7 /* Main.storyboard */; };
		ACD995931F8F3F59002EF8D7 /* Assets.xcassets in Resources */ = {isa = PBXBuildFile; fileRef = ACD995921F8F3F59002EF8D7 /* Assets.xcassets */; };
		ACD995961F8F3F59002EF8D7 /* LaunchScreen.storyboard in Resources */ = {isa = PBXBuildFile; fileRef = ACD995941F8F3F59002EF8D7 /* LaunchScreen.storyboard */; };
		ACD995A11F8F3F59002EF8D7 /* CdViewerTests.swift in Sources */ = {isa = PBXBuildFile; fileRef = ACD995A01F8F3F59002EF8D7 /* CdViewerTests.swift */; };
		ACD995AC1F8F3F59002EF8D7 /* CdViewerUITests.swift in Sources */ = {isa = PBXBuildFile; fileRef = ACD995AB1F8F3F59002EF8D7 /* CdViewerUITests.swift */; };
/* End PBXBuildFile section */

/* Begin PBXContainerItemProxy section */
		ACD9959D1F8F3F59002EF8D7 /* PBXContainerItemProxy */ = {
			isa = PBXContainerItemProxy;
			containerPortal = ACD995801F8F3F57002EF8D7 /* Project object */;
			proxyType = 1;
			remoteGlobalIDString = ACD995871F8F3F58002EF8D7;
			remoteInfo = CdViewer;
		};
		ACD995A81F8F3F59002EF8D7 /* PBXContainerItemProxy */ = {
			isa = PBXContainerItemProxy;
			containerPortal = ACD995801F8F3F57002EF8D7 /* Project object */;
			proxyType = 1;
			remoteGlobalIDString = ACD995871F8F3F58002EF8D7;
			remoteInfo = CdViewer;
		};
/* End PBXContainerItemProxy section */

/* Begin PBXFileReference section */
		ACD995881F8F3F58002EF8D7 /* CdViewer.app */ = {isa = PBXFileReference; explicitFileType = wrapper.application; includeInIndex = 0; path = CdViewer.app; sourceTree = BUILT_PRODUCTS_DIR; };
		ACD9958B1F8F3F59002EF8D7 /* AppDelegate.swift */ = {isa = PBXFileReference; lastKnownFileType = sourcecode.swift; path = AppDelegate.swift; sourceTree = "<group>"; };
		ACD9958D1F8F3F59002EF8D7 /* ViewController.swift */ = {isa = PBXFileReference; lastKnownFileType = sourcecode.swift; path = ViewController.swift; sourceTree = "<group>"; };
		ACD995901F8F3F59002EF8D7 /* Base */ = {isa = PBXFileReference; lastKnownFileType = file.storyboard; name = Base; path = Base.lproj/Main.storyboard; sourceTree = "<group>"; };
		ACD995921F8F3F59002EF8D7 /* Assets.xcassets */ = {isa = PBXFileReference; lastKnownFileType = folder.assetcatalog; path = Assets.xcassets; sourceTree = "<group>"; };
		ACD995951F8F3F59002EF8D7 /* Base */ = {isa = PBXFileReference; lastKnownFileType = file.storyboard; name = Base; path = Base.lproj/LaunchScreen.storyboard; sourceTree = "<group>"; };
		ACD995971F8F3F59002EF8D7 /* Info.plist */ = {isa = PBXFileReference; lastKnownFileType = text.plist.xml; path = Info.plist; sourceTree = "<group>"; };
		ACD9959C1F8F3F59002EF8D7 /* CdViewerTests.xctest */ = {isa = PBXFileReference; explicitFileType = wrapper.cfbundle; includeInIndex = 0; path = CdViewerTests.xctest; sourceTree = BUILT_PRODUCTS_DIR; };
		ACD995A01F8F3F59002EF8D7 /* CdViewerTests.swift */ = {isa = PBXFileReference; lastKnownFileType = sourcecode.swift; path = CdViewerTests.swift; sourceTree = "<group>"; };
		ACD995A21F8F3F59002EF8D7 /* Info.plist */ = {isa = PBXFileReference; lastKnownFileType = text.plist.xml; path = Info.plist; sourceTree = "<group>"; };
		ACD995A71F8F3F59002EF8D7 /* CdViewerUITests.xctest */ = {isa = PBXFileReference; explicitFileType = wrapper.cfbundle; includeInIndex = 0; path = CdViewerUITests.xctest; sourceTree = BUILT_PRODUCTS_DIR; };
		ACD995AB1F8F3F59002EF8D7 /* CdViewerUITests.swift */ = {isa = PBXFileReference; lastKnownFileType = sourcecode.swift; path = CdViewerUITests.swift; sourceTree = "<group>"; };
		ACD995AD1F8F3F59002EF8D7 /* Info.plist */ = {isa = PBXFileReference; lastKnownFileType = text.plist.xml; path = Info.plist; sourceTree = "<group>"; };
/* End PBXFileReference section */

/* Begin PBXFrameworksBuildPhase section */
		ACD995851F8F3F58002EF8D7 /* Frameworks */ = {
			isa = PBXFrameworksBuildPhase;
			buildActionMask = 2147483647;
			files = (
			);
			runOnlyForDeploymentPostprocessing = 0;
		};
		ACD995991F8F3F59002EF8D7 /* Frameworks */ = {
			isa = PBXFrameworksBuildPhase;
			buildActionMask = 2147483647;
			files = (
			);
			runOnlyForDeploymentPostprocessing = 0;
		};
		ACD995A41F8F3F59002EF8D7 /* Frameworks */ = {
			isa = PBXFrameworksBuildPhase;
			buildActionMask = 2147483647;
			files = (
			);
			runOnlyForDeploymentPostprocessing = 0;
		};
/* End PBXFrameworksBuildPhase section */

/* Begin PBXGroup section */
		ACD9957F1F8F3F57002EF8D7 = {
			isa = PBXGroup;
			children = (
				ACD9958A1F8F3F58002EF8D7 /* CdViewer */,
				ACD9959F1F8F3F59002EF8D7 /* CdViewerTests */,
				ACD995AA1F8F3F59002EF8D7 /* CdViewerUITests */,
				ACD995891F8F3F58002EF8D7 /* Products */,
			);
			sourceTree = "<group>";
		};
		ACD995891F8F3F58002EF8D7 /* Products */ = {
			isa = PBXGroup;
			children = (
				ACD995881F8F3F58002EF8D7 /* CdViewer.app */,
				ACD9959C1F8F3F59002EF8D7 /* CdViewerTests.xctest */,
				ACD995A71F8F3F59002EF8D7 /* CdViewerUITests.xctest */,
			);
			name = Products;
			sourceTree = "<group>";
		};
		ACD9958A1F8F3F58002EF8D7 /* CdViewer */ = {
			isa = PBXGroup;
			children = (
				ACD9958B1F8F3F59002EF8D7 /* AppDelegate.swift */,
				ACD9958D1F8F3F59002EF8D7 /* ViewController.swift */,
				ACD9958F1F8F3F59002EF8D7 /* Main.storyboard */,
				ACD995921F8F3F59002EF8D7 /* Assets.xcassets */,
				ACD995941F8F3F59002EF8D7 /* LaunchScreen.storyboard */,
				ACD995971F8F3F59002EF8D7 /* Info.plist */,
			);
			path = CdViewer;
			sourceTree = "<group>";
		};
		ACD9959F1F8F3F59002EF8D7 /* CdViewerTests */ = {
			isa = PBXGroup;
			children = (
				ACD995A01F8F3F59002EF8D7 /* CdViewerTests.swift */,
				ACD995A21F8F3F59002EF8D7 /* Info.plist */,
			);
			path = CdViewerTests;
			sourceTree = "<group>";
		};
		ACD995AA1F8F3F59002EF8D7 /* CdViewerUITests */ = {
			isa = PBXGroup;
			children = (
				ACD995AB1F8F3F59002EF8D7 /* CdViewerUITests.swift */,
				ACD995AD1F8F3F59002EF8D7 /* Info.plist */,
			);
			path = CdViewerUITests;
			sourceTree = "<group>";
		};
/* End PBXGroup section */

/* Begin PBXNativeTarget section */
		ACD995871F8F3F58002EF8D7 /* CdViewer */ = {
			isa = PBXNativeTarget;
			buildConfigurationList = ACD995B01F8F3F59002EF8D7 /* Build configuration list for PBXNativeTarget "CdViewer" */;
			buildPhases = (
				ACD995841F8F3F58002EF8D7 /* Sources */,
				ACD995851F8F3F58002EF8D7 /* Frameworks */,
				ACD995861F8F3F58002EF8D7 /* Resources */,
			);
			buildRules = (
			);
			dependencies = (
			);
			name = CdViewer;
			productName = CdViewer;
			productReference = ACD995881F8F3F58002EF8D7 /* CdViewer.app */;
			productType = "com.apple.product-type.application";
		};
		ACD9959B1F8F3F59002EF8D7 /* CdViewerTests */ = {
			isa = PBXNativeTarget;
			buildConfigurationList = ACD995B31F8F3F59002EF8D7 /* Build configuration list for PBXNativeTarget "CdViewerTests" */;
			buildPhases = (
				ACD995981F8F3F59002EF8D7 /* Sources */,
				ACD995991F8F3F59002EF8D7 /* Frameworks */,
				ACD9959A1F8F3F59002EF8D7 /* Resources */,
			);
			buildRules = (
			);
			dependencies = (
				ACD9959E1F8F3F59002EF8D7 /* PBXTargetDependency */,
			);
			name = CdViewerTests;
			productName = CdViewerTests;
			productReference = ACD9959C1F8F3F59002EF8D7 /* CdViewerTests.xctest */;
			productType = "com.apple.product-type.bundle.unit-test";
		};
		ACD995A61F8F3F59002EF8D7 /* CdViewerUITests */ = {
			isa = PBXNativeTarget;
			buildConfigurationList = ACD995B61F8F3F59002EF8D7 /* Build configuration list for PBXNativeTarget "CdViewerUITests" */;
			buildPhases = (
				ACD995A31F8F3F59002EF8D7 /* Sources */,
				ACD995A41F8F3F59002EF8D7 /* Frameworks */,
				ACD995A51F8F3F59002EF8D7 /* Resources */,
			);
			buildRules = (
			);
			dependencies = (
				ACD995A91F8F3F59002EF8D7 /* PBXTargetDependency */,
			);
			name = CdViewerUITests;
			productName = CdViewerUITests;
			productReference = ACD995A71F8F3F59002EF8D7 /* CdViewerUITests.xctest */;
			productType = "com.apple.product-type.bundle.ui-testing";
		};
/* End PBXNativeTarget section */

/* Begin PBXProject section */
		ACD995801F8F3F57002EF8D7 /* Project object */ = {
			isa = PBXProject;
			attributes = {
				LastSwiftUpdateCheck = 0820;
				LastUpgradeCheck = 0820;
				ORGANIZATIONNAME = "Użytkownik Gość";
				TargetAttributes = {
					ACD995871F8F3F58002EF8D7 = {
						CreatedOnToolsVersion = 8.2.1;
						ProvisioningStyle = Automatic;
					};
					ACD9959B1F8F3F59002EF8D7 = {
						CreatedOnToolsVersion = 8.2.1;
						ProvisioningStyle = Automatic;
						TestTargetID = ACD995871F8F3F58002EF8D7;
					};
					ACD995A61F8F3F59002EF8D7 = {
						CreatedOnToolsVersion = 8.2.1;
						ProvisioningStyle = Automatic;
						TestTargetID = ACD995871F8F3F58002EF8D7;
					};
				};
			};
			buildConfigurationList = ACD995831F8F3F58002EF8D7 /* Build configuration list for PBXProject "CdViewer" */;
			compatibilityVersion = "Xcode 3.2";
			developmentRegion = English;
			hasScannedForEncodings = 0;
			knownRegions = (
				en,
				Base,
			);
			mainGroup = ACD9957F1F8F3F57002EF8D7;
			productRefGroup = ACD995891F8F3F58002EF8D7 /* Products */;
			projectDirPath = "";
			projectRoot = "";
			targets = (
				ACD995871F8F3F58002EF8D7 /* CdViewer */,
				ACD9959B1F8F3F59002EF8D7 /* CdViewerTests */,
				ACD995A61F8F3F59002EF8D7 /* CdViewerUITests */,
			);
		};
/* End PBXProject section */

/* Begin PBXResourcesBuildPhase section */
		ACD995861F8F3F58002EF8D7 /* Resources */ = {
			isa = PBXResourcesBuildPhase;
			buildActionMask = 2147483647;
			files = (
				ACD995961F8F3F59002EF8D7 /* LaunchScreen.storyboard in Resources */,
				ACD995931F8F3F59002EF8D7 /* Assets.xcassets in Resources */,
				ACD995911F8F3F59002EF8D7 /* Main.storyboard in Resources */,
			);
			runOnlyForDeploymentPostprocessing = 0;
		};
		ACD9959A1F8F3F59002EF8D7 /* Resources */ = {
			isa = PBXResourcesBuildPhase;
			buildActionMask = 2147483647;
			files = (
			);
			runOnlyForDeploymentPostprocessing = 0;
		};
		ACD995A51F8F3F59002EF8D7 /* Resources */ = {
			isa = PBXResourcesBuildPhase;
			buildActionMask = 2147483647;
			files = (
			);
			runOnlyForDeploymentPostprocessing = 0;
		};
/* End PBXResourcesBuildPhase section */

/* Begin PBXSourcesBuildPhase section */
		ACD995841F8F3F58002EF8D7 /* Sources */ = {
			isa = PBXSourcesBuildPhase;
			buildActionMask = 2147483647;
			files = (
				ACD9958E1F8F3F59002EF8D7 /* ViewController.swift in Sources */,
				ACD9958C1F8F3F59002EF8D7 /* AppDelegate.swift in Sources */,
			);
			runOnlyForDeploymentPostprocessing = 0;
		};
		ACD995981F8F3F59002EF8D7 /* Sources */ = {
			isa = PBXSourcesBuildPhase;
			buildActionMask = 2147483647;
			files = (
				ACD995A11F8F3F59002EF8D7 /* CdViewerTests.swift in Sources */,
			);
			runOnlyForDeploymentPostprocessing = 0;
		};
		ACD995A31F8F3F59002EF8D7 /* Sources */ = {
			isa = PBXSourcesBuildPhase;
			buildActionMask = 2147483647;
			files = (
				ACD995AC1F8F3F59002EF8D7 /* CdViewerUITests.swift in Sources */,
			);
			runOnlyForDeploymentPostprocessing = 0;
		};
/* End PBXSourcesBuildPhase section */

/* Begin PBXTargetDependency section */
		ACD9959E1F8F3F59002EF8D7 /* PBXTargetDependency */ = {
			isa = PBXTargetDependency;
			target = ACD995871F8F3F58002EF8D7 /* CdViewer */;
			targetProxy = ACD9959D1F8F3F59002EF8D7 /* PBXContainerItemProxy */;
		};
		ACD995A91F8F3F59002EF8D7 /* PBXTargetDependency */ = {
			isa = PBXTargetDependency;
			target = ACD995871F8F3F58002EF8D7 /* CdViewer */;
			targetProxy = ACD995A81F8F3F59002EF8D7 /* PBXContainerItemProxy */;
		};
/* End PBXTargetDependency section */

/* Begin PBXVariantGroup section */
		ACD9958F1F8F3F59002EF8D7 /* Main.storyboard */ = {
			isa = PBXVariantGroup;
			children = (
				ACD995901F8F3F59002EF8D7 /* Base */,
			);
			name = Main.storyboard;
			sourceTree = "<group>";
		};
		ACD995941F8F3F59002EF8D7 /* LaunchScreen.storyboard */ = {
			isa = PBXVariantGroup;
			children = (
				ACD995951F8F3F59002EF8D7 /* Base */,
			);
			name = LaunchScreen.storyboard;
			sourceTree = "<group>";
		};
/* End PBXVariantGroup section */

/* Begin XCBuildConfiguration section */
		ACD995AE1F8F3F59002EF8D7 /* Debug */ = {
			isa = XCBuildConfiguration;
			buildSettings = {
				ALWAYS_SEARCH_USER_PATHS = NO;
				CLANG_ANALYZER_NONNULL = YES;
				CLANG_CXX_LANGUAGE_STANDARD = "gnu++0x";
				CLANG_CXX_LIBRARY = "libc++";
				CLANG_ENABLE_MODULES = YES;
				CLANG_ENABLE_OBJC_ARC = YES;
				CLANG_WARN_BOOL_CONVERSION = YES;
				CLANG_WARN_CONSTANT_CONVERSION = YES;
				CLANG_WARN_DIRECT_OBJC_ISA_USAGE = YES_ERROR;
				CLANG_WARN_DOCUMENTATION_COMMENTS = YES;
				CLANG_WARN_EMPTY_BODY = YES;
				CLANG_WARN_ENUM_CONVERSION = YES;
				CLANG_WARN_INFINITE_RECURSION = YES;
				CLANG_WARN_INT_CONVERSION = YES;
				CLANG_WARN_OBJC_ROOT_CLASS = YES_ERROR;
				CLANG_WARN_SUSPICIOUS_MOVE = YES;
				CLANG_WARN_UNREACHABLE_CODE = YES;
				CLANG_WARN__DUPLICATE_METHOD_MATCH = YES;
				"CODE_SIGN_IDENTITY[sdk=iphoneos*]" = "iPhone Developer";
				COPY_PHASE_STRIP = NO;
				DEBUG_INFORMATION_FORMAT = dwarf;
				ENABLE_STRICT_OBJC_MSGSEND = YES;
				ENABLE_TESTABILITY = YES;
				GCC_C_LANGUAGE_STANDARD = gnu99;
				GCC_DYNAMIC_NO_PIC = NO;
				GCC_NO_COMMON_BLOCKS = YES;
				GCC_OPTIMIZATION_LEVEL = 0;
				GCC_PREPROCESSOR_DEFINITIONS = (
					"DEBUG=1",
					"$(inherited)",
				);
				GCC_WARN_64_TO_32_BIT_CONVERSION = YES;
				GCC_WARN_ABOUT_RETURN_TYPE = YES_ERROR;
				GCC_WARN_UNDECLARED_SELECTOR = YES;
				GCC_WARN_UNINITIALIZED_AUTOS = YES_AGGRESSIVE;
				GCC_WARN_UNUSED_FUNCTION = YES;
				GCC_WARN_UNUSED_VARIABLE = YES;
				IPHONEOS_DEPLOYMENT_TARGET = 10.2;
				MTL_ENABLE_DEBUG_INFO = YES;
				ONLY_ACTIVE_ARCH = YES;
				SDKROOT = iphoneos;
				SWIFT_ACTIVE_COMPILATION_CONDITIONS = DEBUG;
				SWIFT_OPTIMIZATION_LEVEL = "-Onone";
				TARGETED_DEVICE_FAMILY = "1,2";
			};
			name = Debug;
		};
		ACD995AF1F8F3F59002EF8D7 /* Release */ = {
			isa = XCBuildConfiguration;
			buildSettings = {
				ALWAYS_SEARCH_USER_PATHS = NO;
				CLANG_ANALYZER_NONNULL = YES;
				CLANG_CXX_LANGUAGE_STANDARD = "gnu++0x";
				CLANG_CXX_LIBRARY = "libc++";
				CLANG_ENABLE_MODULES = YES;
				CLANG_ENABLE_OBJC_ARC = YES;
				CLANG_WARN_BOOL_CONVERSION = YES;
				CLANG_WARN_CONSTANT_CONVERSION = YES;
				CLANG_WARN_DIRECT_OBJC_ISA_USAGE = YES_ERROR;
				CLANG_WARN_DOCUMENTATION_COMMENTS = YES;
				CLANG_WARN_EMPTY_BODY = YES;
				CLANG_WARN_ENUM_CONVERSION = YES;
				CLANG_WARN_INFINITE_RECURSION = YES;
				CLANG_WARN_INT_CONVERSION = YES;
				CLANG_WARN_OBJC_ROOT_CLASS = YES_ERROR;
				CLANG_WARN_SUSPICIOUS_MOVE = YES;
				CLANG_WARN_UNREACHABLE_CODE = YES;
				CLANG_WARN__DUPLICATE_METHOD_MATCH = YES;
				"CODE_SIGN_IDENTITY[sdk=iphoneos*]" = "iPhone Developer";
				COPY_PHASE_STRIP = NO;
				DEBUG_INFORMATION_FORMAT = "dwarf-with-dsym";
				ENABLE_NS_ASSERTIONS = NO;
				ENABLE_STRICT_OBJC_MSGSEND = YES;
				GCC_C_LANGUAGE_STANDARD = gnu99;
				GCC_NO_COMMON_BLOCKS = YES;
				GCC_WARN_64_TO_32_BIT_CONVERSION = YES;
				GCC_WARN_ABOUT_RETURN_TYPE = YES_ERROR;
				GCC_WARN_UNDECLARED_SELECTOR = YES;
				GCC_WARN_UNINITIALIZED_AUTOS = YES_AGGRESSIVE;
				GCC_WARN_UNUSED_FUNCTION = YES;
				GCC_WARN_UNUSED_VARIABLE = YES;
				IPHONEOS_DEPLOYMENT_TARGET = 10.2;
				MTL_ENABLE_DEBUG_INFO = NO;
				SDKROOT = iphoneos;
				SWIFT_OPTIMIZATION_LEVEL = "-Owholemodule";
				TARGETED_DEVICE_FAMILY = "1,2";
				VALIDATE_PRODUCT = YES;
			};
			name = Release;
		};
		ACD995B11F8F3F59002EF8D7 /* Debug */ = {
			isa = XCBuildConfiguration;
			buildSettings = {
				ASSETCATALOG_COMPILER_APPICON_NAME = AppIcon;
				INFOPLIST_FILE = CdViewer/Info.plist;
				LD_RUNPATH_SEARCH_PATHS = "$(inherited) @executable_path/Frameworks";
				PRODUCT_BUNDLE_IDENTIFIER = edu.dsiedlarz.CdViewer;
				PRODUCT_NAME = "$(TARGET_NAME)";
				SWIFT_VERSION = 3.0;
			};
			name = Debug;
		};
		ACD995B21F8F3F59002EF8D7 /* Release */ = {
			isa = XCBuildConfiguration;
			buildSettings = {
				ASSETCATALOG_COMPILER_APPICON_NAME = AppIcon;
				INFOPLIST_FILE = CdViewer/Info.plist;
				LD_RUNPATH_SEARCH_PATHS = "$(inherited) @executable_path/Frameworks";
				PRODUCT_BUNDLE_IDENTIFIER = edu.dsiedlarz.CdViewer;
				PRODUCT_NAME = "$(TARGET_NAME)";
				SWIFT_VERSION = 3.0;
			};
			name = Release;
		};
		ACD995B41F8F3F59002EF8D7 /* Debug */ = {
			isa = XCBuildConfiguration;
			buildSettings = {
				ALWAYS_EMBED_SWIFT_STANDARD_LIBRARIES = YES;
				BUNDLE_LOADER = "$(TEST_HOST)";
				INFOPLIST_FILE = CdViewerTests/Info.plist;
				LD_RUNPATH_SEARCH_PATHS = "$(inherited) @executable_path/Frameworks @loader_path/Frameworks";
				PRODUCT_BUNDLE_IDENTIFIER = edu.dsiedlarz.CdViewerTests;
				PRODUCT_NAME = "$(TARGET_NAME)";
				SWIFT_VERSION = 3.0;
				TEST_HOST = "$(BUILT_PRODUCTS_DIR)/CdViewer.app/CdViewer";
			};
			name = Debug;
		};
		ACD995B51F8F3F59002EF8D7 /* Release */ = {
			isa = XCBuildConfiguration;
			buildSettings = {
				ALWAYS_EMBED_SWIFT_STANDARD_LIBRARIES = YES;
				BUNDLE_LOADER = "$(TEST_HOST)";
				INFOPLIST_FILE = CdViewerTests/Info.plist;
				LD_RUNPATH_SEARCH_PATHS = "$(inherited) @executable_path/Frameworks @loader_path/Frameworks";
				PRODUCT_BUNDLE_IDENTIFIER = edu.dsiedlarz.CdViewerTests;
				PRODUCT_NAME = "$(TARGET_NAME)";
				SWIFT_VERSION = 3.0;
				TEST_HOST = "$(BUILT_PRODUCTS_DIR)/CdViewer.app/CdViewer";
			};
			name = Release;
		};
		ACD995B71F8F3F59002EF8D7 /* Debug */ = {
			isa = XCBuildConfiguration;
			buildSettings = {
				ALWAYS_EMBED_SWIFT_STANDARD_LIBRARIES = YES;
				INFOPLIST_FILE = CdViewerUITests/Info.plist;
				LD_RUNPATH_SEARCH_PATHS = "$(inherited) @executable_path/Frameworks @loader_path/Frameworks";
				PRODUCT_BUNDLE_IDENTIFIER = edu.dsiedlarz.CdViewerUITests;
				PRODUCT_NAME = "$(TARGET_NAME)";
				SWIFT_VERSION = 3.0;
				TEST_TARGET_NAME = CdViewer;
			};
			name = Debug;
		};
		ACD995B81F8F3F59002EF8D7 /* Release */ = {
			isa = XCBuildConfiguration;
			buildSettings = {
				ALWAYS_EMBED_SWIFT_STANDARD_LIBRARIES = YES;
				INFOPLIST_FILE = CdViewerUITests/Info.plist;
				LD_RUNPATH_SEARCH_PATHS = "$(inherited) @executable_path/Frameworks @loader_path/Frameworks";
				PRODUCT_BUNDLE_IDENTIFIER = edu.dsiedlarz.CdViewerUITests;
				PRODUCT_NAME = "$(TARGET_NAME)";
				SWIFT_VERSION = 3.0;
				TEST_TARGET_NAME = CdViewer;
			};
			name = Release;
		};
/* End XCBuildConfiguration section */

/* Begin XCConfigurationList section */
		ACD995831F8F3F58002EF8D7 /* Build configuration list for PBXProject "CdViewer" */ = {
			isa = XCConfigurationList;
			buildConfigurations = (
				ACD995AE1F8F3F59002EF8D7 /* Debug */,
				ACD995AF1F8F3F59002EF8D7 /* Release */,
			);
			defaultConfigurationIsVisible = 0;
			defaultConfigurationName = Release;
		};
		ACD995B01F8F3F59002EF8D7 /* Build configuration list for PBXNativeTarget "CdViewer" */ = {
			isa = XCConfigurationList;
			buildConfigurations = (
				ACD995B11F8F3F59002EF8D7 /* Debug */,
				ACD995B21F8F3F59002EF8D7 /* Release */,
			);
			defaultConfigurationIsVisible = 0;
		};
		ACD995B31F8F3F59002EF8D7 /* Build configuration list for PBXNativeTarget "CdViewerTests" */ = {
			isa = XCConfigurationList;
			buildConfigurations = (
				ACD995B41F8F3F59002EF8D7 /* Debug */,
				ACD995B51F8F3F59002EF8D7 /* Release */,
			);
			defaultConfigurationIsVisible = 0;
		};
		ACD995B61F8F3F59002EF8D7 /* Build configuration list for PBXNativeTarget "CdViewerUITests" */ = {
			isa = XCConfigurationList;
			buildConfigurations = (
				ACD995B71F8F3F59002EF8D7 /* Debug */,
				ACD995B81F8F3F59002EF8D7 /* Release */,
			);
			defaultConfigurationIsVisible = 0;
		};
/* End XCConfigurationList section */
	};
	rootObject = ACD995801F8F3F57002EF8D7 /* Project object */;
}
